
Microsoft Visual Studio Solution File, Format Version 12.00
# Visual Studio Version 17
VisualStudioVersion = 17.4.33103.184
MinimumVisualStudioVersion = 10.0.40219.1
Project("{FAE04EC0-301F-11D3-BF4B-00C04F79EFBC}") = "binary_convertation", "binary_convertation\binary_convertation.csproj", "{BF36AD2D-3C94-4AD8-AE56-246CB42026E4}"
EndProject
Global
	GlobalSection(SolutionConfigurationPlatforms) = preSolution
		Debug|Any CPU = Debug|Any CPU
		Release|Any CPU = Release|Any CPU
	EndGlobalSection
	GlobalSection(ProjectConfigurationPlatforms) = postSolution
		{BF36AD2D-3C94-4AD8-AE56-246CB42026E4}.Debug|Any CPU.ActiveCfg = Debug|Any CPU
		{BF36AD2D-3C94-4AD8-AE56-246CB42026E4}.Debug|Any CPU.Build.0 = Debug|Any CPU
		{BF36AD2D-3C94-4AD8-AE56-246CB42026E4}.Release|Any CPU.ActiveCfg = Release|Any CPU
		{BF36AD2D-3C94-4AD8-AE56-246CB42026E4}.Release|Any CPU.Build.0 = Release|Any CPU
	EndGlobalSection
	GlobalSection(SolutionProperties) = preSolution
		HideSolutionNode = FALSE
	EndGlobalSection
	GlobalSection(ExtensibilityGlobals) = postSolution
		SolutionGuid = {E00F2807-CA33-454A-8CC1-6E6095F2E913}
	EndGlobalSection
EndGlobal
